
Microsoft Visual Studio Solution File, Format Version 12.00
# Visual Studio Version 16
VisualStudioVersion = 16.0.29613.14
MinimumVisualStudioVersion = 10.0.40219.1
Project("{FAE04EC0-301F-11D3-BF4B-00C04F79EFBC}") = "Class Example 1", "Class Example 1\Class Example 1.csproj", "{ED229868-2389-4B91-9D99-84C1BE58BA16}"
EndProject
Global
	GlobalSection(SolutionConfigurationPlatforms) = preSolution
		Debug|Any CPU = Debug|Any CPU
		Release|Any CPU = Release|Any CPU
	EndGlobalSection
	GlobalSection(ProjectConfigurationPlatforms) = postSolution
		{ED229868-2389-4B91-9D99-84C1BE58BA16}.Debug|Any CPU.ActiveCfg = Debug|Any CPU
		{ED229868-2389-4B91-9D99-84C1BE58BA16}.Debug|Any CPU.Build.0 = Debug|Any CPU
		{ED229868-2389-4B91-9D99-84C1BE58BA16}.Release|Any CPU.ActiveCfg = Release|Any CPU
		{ED229868-2389-4B91-9D99-84C1BE58BA16}.Release|Any CPU.Build.0 = Release|Any CPU
	EndGlobalSection
	GlobalSection(SolutionProperties) = preSolution
		HideSolutionNode = FALSE
	EndGlobalSection
	GlobalSection(ExtensibilityGlobals) = postSolution
		SolutionGuid = {813A347A-94F8-40E0-A852-A19C81695C97}
	EndGlobalSection
EndGlobal
